
Microsoft Visual Studio Solution File, Format Version 12.00
# Visual Studio 15
VisualStudioVersion = 15.0.27703.2047
MinimumVisualStudioVersion = 10.0.40219.1
Project("{8BC9CEB8-8B4A-11D0-8D11-00A0C91BC942}") = "Test", "Test\Test.vcxproj", "{FE9D884C-3DEB-41F2-98A6-E19A49C7D29E}"
EndProject
Global
	GlobalSection(SolutionConfigurationPlatforms) = preSolution
		Debug|x64 = Debug|x64
		Debug|x86 = Debug|x86
		Release|x64 = Release|x64
		Release|x86 = Release|x86
	EndGlobalSection
	GlobalSection(ProjectConfigurationPlatforms) = postSolution
		{FE9D884C-3DEB-41F2-98A6-E19A49C7D29E}.Debug|x64.ActiveCfg = Debug|x64
		{FE9D884C-3DEB-41F2-98A6-E19A49C7D29E}.Debug|x64.Build.0 = Debug|x64
		{FE9D884C-3DEB-41F2-98A6-E19A49C7D29E}.Debug|x86.ActiveCfg = Debug|Win32
		{FE9D884C-3DEB-41F2-98A6-E19A49C7D29E}.Debug|x86.Build.0 = Debug|Win32
		{FE9D884C-3DEB-41F2-98A6-E19A49C7D29E}.Release|x64.ActiveCfg = Release|x64
		{FE9D884C-3DEB-41F2-98A6-E19A49C7D29E}.Release|x64.Build.0 = Release|x64
		{FE9D884C-3DEB-41F2-98A6-E19A49C7D29E}.Release|x86.ActiveCfg = Release|Win32
		{FE9D884C-3DEB-41F2-98A6-E19A49C7D29E}.Release|x86.Build.0 = Release|Win32
	EndGlobalSection
	GlobalSection(SolutionProperties) = preSolution
		HideSolutionNode = FALSE
	EndGlobalSection
	GlobalSection(ExtensibilityGlobals) = postSolution
		SolutionGuid = {C296592D-F864-48BB-970F-18EAA1BE4732}
	EndGlobalSection
EndGlobal
